
Microsoft Visual Studio Solution File, Format Version 12.00
# Visual Studio 15
VisualStudioVersion = 15.0.28307.168
MinimumVisualStudioVersion = 10.0.40219.1
Project("{FAE04EC0-301F-11D3-BF4B-00C04F79EFBC}") = "CourseWork", "CourseWork\CourseWork.csproj", "{7301658D-851D-41AA-B167-C032655AA012}"
EndProject
Global
	GlobalSection(SolutionConfigurationPlatforms) = preSolution
		Debug|Any CPU = Debug|Any CPU
		Release|Any CPU = Release|Any CPU
	EndGlobalSection
	GlobalSection(ProjectConfigurationPlatforms) = postSolution
		{7301658D-851D-41AA-B167-C032655AA012}.Debug|Any CPU.ActiveCfg = Debug|Any CPU
		{7301658D-851D-41AA-B167-C032655AA012}.Debug|Any CPU.Build.0 = Debug|Any CPU
		{7301658D-851D-41AA-B167-C032655AA012}.Release|Any CPU.ActiveCfg = Release|Any CPU
		{7301658D-851D-41AA-B167-C032655AA012}.Release|Any CPU.Build.0 = Release|Any CPU
	EndGlobalSection
	GlobalSection(SolutionProperties) = preSolution
		HideSolutionNode = FALSE
	EndGlobalSection
	GlobalSection(ExtensibilityGlobals) = postSolution
		SolutionGuid = {31358F0E-B893-44F3-BF4B-A8CF164BD206}
	EndGlobalSection
EndGlobal
